
Microsoft Visual Studio Solution File, Format Version 12.00
# Visual Studio Version 17
VisualStudioVersion = 17.12.35527.113
MinimumVisualStudioVersion = 10.0.40219.1
Project("{FAE04EC0-301F-11D3-BF4B-00C04F79EFBC}") = "WinForm App", "TP2\WinForm App.csproj", "{54A3E196-0D0C-46D0-94C4-7CA5A96D88A5}"
EndProject
Project("{FAE04EC0-301F-11D3-BF4B-00C04F79EFBC}") = "Dominio", "Dominio\Dominio.csproj", "{A279DFB5-8D2C-4F88-BD1C-F8A83774CF67}"
EndProject
Project("{FAE04EC0-301F-11D3-BF4B-00C04F79EFBC}") = "Negocio", "Negocio\Negocio.csproj", "{26B617CF-BAB5-4795-915F-F5883A6009F9}"
EndProject
Project("{FAE04EC0-301F-11D3-BF4B-00C04F79EFBC}") = "Api_Web", "Api_Web\Api_Web.csproj", "{ABCB8243-B292-4639-B698-FD9572779FC1}"
EndProject
Global
	GlobalSection(SolutionConfigurationPlatforms) = preSolution
		Debug|Any CPU = Debug|Any CPU
		Release|Any CPU = Release|Any CPU
	EndGlobalSection
	GlobalSection(ProjectConfigurationPlatforms) = postSolution
		{54A3E196-0D0C-46D0-94C4-7CA5A96D88A5}.Debug|Any CPU.ActiveCfg = Debug|Any CPU
		{54A3E196-0D0C-46D0-94C4-7CA5A96D88A5}.Debug|Any CPU.Build.0 = Debug|Any CPU
		{54A3E196-0D0C-46D0-94C4-7CA5A96D88A5}.Release|Any CPU.ActiveCfg = Release|Any CPU
		{54A3E196-0D0C-46D0-94C4-7CA5A96D88A5}.Release|Any CPU.Build.0 = Release|Any CPU
		{A279DFB5-8D2C-4F88-BD1C-F8A83774CF67}.Debug|Any CPU.ActiveCfg = Debug|Any CPU
		{A279DFB5-8D2C-4F88-BD1C-F8A83774CF67}.Debug|Any CPU.Build.0 = Debug|Any CPU
		{A279DFB5-8D2C-4F88-BD1C-F8A83774CF67}.Release|Any CPU.ActiveCfg = Release|Any CPU
		{A279DFB5-8D2C-4F88-BD1C-F8A83774CF67}.Release|Any CPU.Build.0 = Release|Any CPU
		{26B617CF-BAB5-4795-915F-F5883A6009F9}.Debug|Any CPU.ActiveCfg = Debug|Any CPU
		{26B617CF-BAB5-4795-915F-F5883A6009F9}.Debug|Any CPU.Build.0 = Debug|Any CPU
		{26B617CF-BAB5-4795-915F-F5883A6009F9}.Release|Any CPU.ActiveCfg = Release|Any CPU
		{26B617CF-BAB5-4795-915F-F5883A6009F9}.Release|Any CPU.Build.0 = Release|Any CPU
		{ABCB8243-B292-4639-B698-FD9572779FC1}.Debug|Any CPU.ActiveCfg = Debug|Any CPU
		{ABCB8243-B292-4639-B698-FD9572779FC1}.Debug|Any CPU.Build.0 = Debug|Any CPU
		{ABCB8243-B292-4639-B698-FD9572779FC1}.Release|Any CPU.ActiveCfg = Release|Any CPU
		{ABCB8243-B292-4639-B698-FD9572779FC1}.Release|Any CPU.Build.0 = Release|Any CPU
	EndGlobalSection
	GlobalSection(SolutionProperties) = preSolution
		HideSolutionNode = FALSE
	EndGlobalSection
EndGlobal
